{
  "name": "examples",
  "version": "1.0.0",
  "lockfileVersion": 3,
  "requires": true,
  "packages": {
    "": {
      "name": "examples",
      "version": "1.0.0",
      "license": "ISC"
    },
    "../../../Documents/lib": {
      "name": "azion",
      "version": "1.1.0",
      "extraneous": true,
      "license": "MIT",
      "workspaces": [
        "packages/*"
      ],
      "devDependencies": {
        "@commitlint/cli": "^18.4.1",
        "@commitlint/config-conventional": "^18.4.0",
        "@semantic-release/changelog": "^6.0.3",
        "@semantic-release/commit-analyzer": "^10.0.1",
        "@semantic-release/git": "^10.0.1",
        "@semantic-release/github": "^9.2.6",
        "@semantic-release/release-notes-generator": "^11.0.4",
        "@typescript-eslint/eslint-plugin": "^7.3.1",
        "@typescript-eslint/parser": "^7.3.1",
        "conventional-changelog-conventionalcommits": "^4.6.0",
        "husky": "^9.0.11",
        "prettier": "^3.2.5",
        "semantic-release": "^21.0.7",
        "tsup": "^8.0.2",
        "typescript": "^5.4.3"
      },
      "engines": {
        "node": ">=18.0.0",
        "npm": ">=10.2.3",
        "pnpm": "please-use-npm",
        "yarn": "please-use-npm"
      }
    },
    "../../../Documents/lib/packages/client": {
      "name": "@lib/client",
      "version": "1.0.0",
      "extraneous": true,
      "license": "MIT"
    },
    "../../../Documents/lib/packages/cookies": {
      "name": "@lib/cookies",
      "version": "1.0.0",
      "extraneous": true,
      "license": "MIT"
    },
    "../../../Documents/lib/packages/router": {
      "name": "@lib/router",
      "version": "1.0.0",
      "extraneous": true,
      "license": "MIT"
    },
    "../../../Documents/lib/packages/sql": {
      "name": "@lib/sql",
      "version": "1.0.0",
      "extraneous": true,
      "license": "MIT"
    },
    "../../../Documents/lib/packages/storage": {
      "name": "@lib/storage",
      "version": "1.0.0",
      "extraneous": true,
      "license": "MIT"
    },
    "../../../Documents/lib/packages/wasm-image-processor": {
      "name": "@lib/wasm-image-processor",
      "version": "1.0.0",
      "extraneous": true,
      "license": "MIT",
      "devDependencies": {
        "@swc/jest": "^0.2.36",
        "@types/jest": "^29.5.12",
        "jest": "^29.7.0",
        "ts-jest": "^29.1.2",
        "tsup": "^8.0.2"
      }
    }
  }
}
